
Microsoft Visual Studio Solution File, Format Version 12.00
# Visual Studio Version 16
VisualStudioVersion = 16.0.31019.35
MinimumVisualStudioVersion = 10.0.40219.1
Project("{888888A0-9F3D-457C-B088-3A5042F75D52}") = "Mastermind", "Mastermind.pyproj", "{492AC074-96BB-4825-88DC-56D2182CA9C0}"
EndProject
Global
	GlobalSection(SolutionConfigurationPlatforms) = preSolution
		Debug|Any CPU = Debug|Any CPU
		Release|Any CPU = Release|Any CPU
	EndGlobalSection
	GlobalSection(ProjectConfigurationPlatforms) = postSolution
		{492AC074-96BB-4825-88DC-56D2182CA9C0}.Debug|Any CPU.ActiveCfg = Debug|Any CPU
		{492AC074-96BB-4825-88DC-56D2182CA9C0}.Release|Any CPU.ActiveCfg = Release|Any CPU
	EndGlobalSection
	GlobalSection(SolutionProperties) = preSolution
		HideSolutionNode = FALSE
	EndGlobalSection
	GlobalSection(ExtensibilityGlobals) = postSolution
		SolutionGuid = {9171C181-C142-48C3-B185-D69D028A1986}
	EndGlobalSection
EndGlobal
